
Microsoft Visual Studio Solution File, Format Version 12.00
# Visual Studio Version 16
VisualStudioVersion = 16.0.30804.86
MinimumVisualStudioVersion = 10.0.40219.1
Project("{FAE04EC0-301F-11D3-BF4B-00C04F79EFBC}") = "ConsoleApp1", "ConsoleApp1\ConsoleApp1.csproj", "{916B0DCF-B673-4109-80A0-65C98D3D415B}"
EndProject
Global
	GlobalSection(SolutionConfigurationPlatforms) = preSolution
		Debug|Any CPU = Debug|Any CPU
		Release|Any CPU = Release|Any CPU
	EndGlobalSection
	GlobalSection(ProjectConfigurationPlatforms) = postSolution
		{916B0DCF-B673-4109-80A0-65C98D3D415B}.Debug|Any CPU.ActiveCfg = Debug|Any CPU
		{916B0DCF-B673-4109-80A0-65C98D3D415B}.Debug|Any CPU.Build.0 = Debug|Any CPU
		{916B0DCF-B673-4109-80A0-65C98D3D415B}.Release|Any CPU.ActiveCfg = Release|Any CPU
		{916B0DCF-B673-4109-80A0-65C98D3D415B}.Release|Any CPU.Build.0 = Release|Any CPU
	EndGlobalSection
	GlobalSection(SolutionProperties) = preSolution
		HideSolutionNode = FALSE
	EndGlobalSection
	GlobalSection(ExtensibilityGlobals) = postSolution
		SolutionGuid = {5722E2EE-8B03-465F-93DB-D820BB5B4D44}
	EndGlobalSection
EndGlobal
